
Microsoft Visual Studio Solution File, Format Version 12.00
# Visual Studio 15
VisualStudioVersion = 15.0.28307.168
MinimumVisualStudioVersion = 10.0.40219.1
Project("{FAE04EC0-301F-11D3-BF4B-00C04F79EFBC}") = "Resipes4U", "Resipes4U\Resipes4U.csproj", "{1FFCDA6D-3303-426C-94EF-1931EA58CE4D}"
EndProject
Global
	GlobalSection(SolutionConfigurationPlatforms) = preSolution
		Debug|Any CPU = Debug|Any CPU
		Release|Any CPU = Release|Any CPU
	EndGlobalSection
	GlobalSection(ProjectConfigurationPlatforms) = postSolution
		{1FFCDA6D-3303-426C-94EF-1931EA58CE4D}.Debug|Any CPU.ActiveCfg = Debug|Any CPU
		{1FFCDA6D-3303-426C-94EF-1931EA58CE4D}.Debug|Any CPU.Build.0 = Debug|Any CPU
		{1FFCDA6D-3303-426C-94EF-1931EA58CE4D}.Debug|Any CPU.Deploy.0 = Debug|Any CPU
		{1FFCDA6D-3303-426C-94EF-1931EA58CE4D}.Release|Any CPU.ActiveCfg = Release|Any CPU
		{1FFCDA6D-3303-426C-94EF-1931EA58CE4D}.Release|Any CPU.Build.0 = Release|Any CPU
		{1FFCDA6D-3303-426C-94EF-1931EA58CE4D}.Release|Any CPU.Deploy.0 = Release|Any CPU
	EndGlobalSection
	GlobalSection(SolutionProperties) = preSolution
		HideSolutionNode = FALSE
	EndGlobalSection
	GlobalSection(ExtensibilityGlobals) = postSolution
		SolutionGuid = {78557472-3884-4FD3-AE34-7F02330CB539}
	EndGlobalSection
EndGlobal
